
Microsoft Visual Studio Solution File, Format Version 12.00
# Visual Studio Version 17
VisualStudioVersion = 17.11.35219.272
MinimumVisualStudioVersion = 10.0.40219.1
Project("{9A19103F-16F7-4668-BE54-9A1E7A4F7556}") = "Ado.Net learning", "Ado.Net learning.csproj", "{4994C0CB-88ED-4093-8EB4-4E0F62F3D09A}"
EndProject
Project("{FAE04EC0-301F-11D3-BF4B-00C04F79EFBC}") = "Ado.Net.Learning.WinFormsApp", "..\Ado.Net.Learning.WinFormsApp\Ado.Net.Learning.WinFormsApp.csproj", "{973736A4-100A-4DE0-AADE-EF5CC7A49E19}"
EndProject
Project("{FAE04EC0-301F-11D3-BF4B-00C04F79EFBC}") = "Ado.Net.Learning.Data", "..\Ado.Net.Learning.Data\Ado.Net.Learning.Data.csproj", "{381B5905-3AD5-4600-9A5E-CB4244AC796B}"
EndProject
Global
	GlobalSection(SolutionConfigurationPlatforms) = preSolution
		Debug|Any CPU = Debug|Any CPU
		Release|Any CPU = Release|Any CPU
	EndGlobalSection
	GlobalSection(ProjectConfigurationPlatforms) = postSolution
		{4994C0CB-88ED-4093-8EB4-4E0F62F3D09A}.Debug|Any CPU.ActiveCfg = Debug|Any CPU
		{4994C0CB-88ED-4093-8EB4-4E0F62F3D09A}.Debug|Any CPU.Build.0 = Debug|Any CPU
		{4994C0CB-88ED-4093-8EB4-4E0F62F3D09A}.Release|Any CPU.ActiveCfg = Release|Any CPU
		{4994C0CB-88ED-4093-8EB4-4E0F62F3D09A}.Release|Any CPU.Build.0 = Release|Any CPU
		{973736A4-100A-4DE0-AADE-EF5CC7A49E19}.Debug|Any CPU.ActiveCfg = Debug|Any CPU
		{973736A4-100A-4DE0-AADE-EF5CC7A49E19}.Debug|Any CPU.Build.0 = Debug|Any CPU
		{973736A4-100A-4DE0-AADE-EF5CC7A49E19}.Release|Any CPU.ActiveCfg = Release|Any CPU
		{973736A4-100A-4DE0-AADE-EF5CC7A49E19}.Release|Any CPU.Build.0 = Release|Any CPU
		{381B5905-3AD5-4600-9A5E-CB4244AC796B}.Debug|Any CPU.ActiveCfg = Debug|Any CPU
		{381B5905-3AD5-4600-9A5E-CB4244AC796B}.Debug|Any CPU.Build.0 = Debug|Any CPU
		{381B5905-3AD5-4600-9A5E-CB4244AC796B}.Release|Any CPU.ActiveCfg = Release|Any CPU
		{381B5905-3AD5-4600-9A5E-CB4244AC796B}.Release|Any CPU.Build.0 = Release|Any CPU
	EndGlobalSection
	GlobalSection(SolutionProperties) = preSolution
		HideSolutionNode = FALSE
	EndGlobalSection
	GlobalSection(ExtensibilityGlobals) = postSolution
		SolutionGuid = {A383A06A-0D90-48A3-A40F-C5D048F11DFF}
	EndGlobalSection
EndGlobal
